
Microsoft Visual Studio Solution File, Format Version 12.00
# Visual Studio Version 16
VisualStudioVersion = 16.0.32901.82
MinimumVisualStudioVersion = 10.0.40219.1
Project("{FAE04EC0-301F-11D3-BF4B-00C04F79EFBC}") = "HelloWorld", "HelloWorld.csproj", "{BE8DD244-1B0F-4E2C-A167-BEF43449435D}"
EndProject
Global
	GlobalSection(SolutionConfigurationPlatforms) = preSolution
		Debug|Any CPU = Debug|Any CPU
		Release|Any CPU = Release|Any CPU
	EndGlobalSection
	GlobalSection(ProjectConfigurationPlatforms) = postSolution
		{BE8DD244-1B0F-4E2C-A167-BEF43449435D}.Debug|Any CPU.ActiveCfg = Debug|Any CPU
		{BE8DD244-1B0F-4E2C-A167-BEF43449435D}.Debug|Any CPU.Build.0 = Debug|Any CPU
		{BE8DD244-1B0F-4E2C-A167-BEF43449435D}.Release|Any CPU.ActiveCfg = Release|Any CPU
		{BE8DD244-1B0F-4E2C-A167-BEF43449435D}.Release|Any CPU.Build.0 = Release|Any CPU
	EndGlobalSection
	GlobalSection(SolutionProperties) = preSolution
		HideSolutionNode = FALSE
	EndGlobalSection
	GlobalSection(ExtensibilityGlobals) = postSolution
		SolutionGuid = {16519F27-A918-4C9D-91C4-E1B0DE7A9AC0}
	EndGlobalSection
EndGlobal
